
Microsoft Visual Studio Solution File, Format Version 12.00
# Visual Studio Version 16
VisualStudioVersion = 16.0.31005.135
MinimumVisualStudioVersion = 10.0.40219.1
Project("{FAE04EC0-301F-11D3-BF4B-00C04F79EFBC}") = "CA210217", "CA210217\CA210217.csproj", "{8819D1C1-4DB8-48D3-9BD8-D60E7CA0EB4F}"
EndProject
Global
	GlobalSection(SolutionConfigurationPlatforms) = preSolution
		Debug|Any CPU = Debug|Any CPU
		Release|Any CPU = Release|Any CPU
	EndGlobalSection
	GlobalSection(ProjectConfigurationPlatforms) = postSolution
		{8819D1C1-4DB8-48D3-9BD8-D60E7CA0EB4F}.Debug|Any CPU.ActiveCfg = Debug|Any CPU
		{8819D1C1-4DB8-48D3-9BD8-D60E7CA0EB4F}.Debug|Any CPU.Build.0 = Debug|Any CPU
		{8819D1C1-4DB8-48D3-9BD8-D60E7CA0EB4F}.Release|Any CPU.ActiveCfg = Release|Any CPU
		{8819D1C1-4DB8-48D3-9BD8-D60E7CA0EB4F}.Release|Any CPU.Build.0 = Release|Any CPU
	EndGlobalSection
	GlobalSection(SolutionProperties) = preSolution
		HideSolutionNode = FALSE
	EndGlobalSection
	GlobalSection(ExtensibilityGlobals) = postSolution
		SolutionGuid = {02CF2130-96AD-4021-91B5-FB2C53987F1C}
	EndGlobalSection
EndGlobal
